{
  "name": "presale",
  "version": "1.0.0",
  "lockfileVersion": 1,
  "requires": true,
  "dependencies": {
    "@audits/truffle-test-generator": {
      "version": "1.0.1",
      "resolved": "https://registry.npmjs.org/@audits/truffle-test-generator/-/truffle-test-generator-1.0.1.tgz",
      "integrity": "sha512-siK9wk6spokz3upwXzxn13FmC0PzUjl1LFPx00NpRyGyIdLz7qawFjS4PJMAOkAtmXhk1ulQxAtUcY+tOuOfPg==",
      "dev": true,
      "requires": {
        "fs": "0.0.1-security"
      }
    },
    "fs": {
      "version": "0.0.1-security",
      "resolved": "https://registry.npmjs.org/fs/-/fs-0.0.1-security.tgz",
      "integrity": "sha1-invTcYa23d84E/I4WLV+yq9eQdQ=",
      "dev": true
    }
  }
}
